{
    "name": "@grossacasacs/pagedown",
    "version": "2.1.1",
    "lockfileVersion": 2,
    "requires": true,
    "packages": {
        "": {
            "name": "@grossacasacs/pagedown",
            "version": "2.1.0",
            "license": "MIT",
            "devDependencies": {}
        }
    }
}
